{
  "originHash" : "168e8198f7abea27ac14fa6154c43c36d9c1f7cf765f875b3caabc7143a7d327",
  "pins" : [
    {
      "identity" : "alamofire",
      "kind" : "remoteSourceControl",
      "location" : "https://github.com/Alamofire/Alamofire.git",
      "state" : {
        "revision" : "ea6a94b7dddffd0ca4d0f29252d95310b84dec84",
        "version" : "5.10.0"
      }
    },
    {
      "identity" : "highcharts-ios",
      "kind" : "remoteSourceControl",
      "location" : "https://github.com/highcharts/highcharts-ios",
      "state" : {
        "revision" : "a2906dbbf622f867fb79b89011394a349fefe437",
        "version" : "9.2.2"
      }
    },
    {
      "identity" : "swiftspinner",
      "kind" : "remoteSourceControl",
      "location" : "https://github.com/icanzilb/SwiftSpinner",
      "state" : {
        "revision" : "f6cfeb6f1780571bdef8bdaf924ccdb573d23e33",
        "version" : "2.2.0"
      }
    },
    {
      "identity" : "swiftyjson",
      "kind" : "remoteSourceControl",
      "location" : "https://github.com/SwiftyJSON/SwiftyJSON",
      "state" : {
        "revision" : "af76cf3ef710b6ca5f8c05f3a31307d44a3c5828",
        "version" : "5.0.2"
      }
    },
    {
      "identity" : "toast-swift",
      "kind" : "remoteSourceControl",
      "location" : "https://github.com/scalessec/Toast-Swift",
      "state" : {
        "revision" : "ddccd20d6fb718448d9b179c454c561653fda7d5",
        "version" : "5.1.1"
      }
    }
  ],
  "version" : 3
}
