// !$*UTF8*$!
{
	archiveVersion = 1;
	classes = {
	};
	objectVersion = 77;
	objects = {

/* Begin PBXBuildFile section */
		E16D3E142D0269920055224C /* SwiftSpinner in Frameworks */ = {isa = PBXBuildFile; productRef = E16D3E132D0269920055224C /* SwiftSpinner */; };
		E16D3E252D02B2600055224C /* Highcharts in Frameworks */ = {isa = PBXBuildFile; productRef = E16D3E242D02B2600055224C /* Highcharts */; };
		E16D3E382D02C56A0055224C /* Toast in Frameworks */ = {isa = PBXBuildFile; productRef = E16D3E372D02C56A0055224C /* Toast */; };
		E1A48AA92D02D56800E9909B /* AlamofireDynamic in Frameworks */ = {isa = PBXBuildFile; productRef = E1A48AA82D02D56800E9909B /* AlamofireDynamic */; };
		E1A48AAA2D02D66C00E9909B /* AlamofireDynamic in Embed Frameworks */ = {isa = PBXBuildFile; productRef = E1A48AA82D02D56800E9909B /* AlamofireDynamic */; settings = {ATTRIBUTES = (CodeSignOnCopy, ); }; };
		E1ACC5B22D02D1EB00378AC9 /* SwiftyJSON in Frameworks */ = {isa = PBXBuildFile; productRef = E1ACC5B12D02D1EB00378AC9 /* SwiftyJSON */; };
/* End PBXBuildFile section */

/* Begin PBXContainerItemProxy section */
		E11503D62D022AA80010A0F4 /* PBXContainerItemProxy */ = {
			isa = PBXContainerItemProxy;
			containerPortal = E11503BB2D022AA20010A0F4 /* Project object */;
			proxyType = 1;
			remoteGlobalIDString = E11503C22D022AA20010A0F4;
			remoteInfo = WeatherToday;
		};
		E11503E02D022AA80010A0F4 /* PBXContainerItemProxy */ = {
			isa = PBXContainerItemProxy;
			containerPortal = E11503BB2D022AA20010A0F4 /* Project object */;
			proxyType = 1;
			remoteGlobalIDString = E11503C22D022AA20010A0F4;
			remoteInfo = WeatherToday;
		};
/* End PBXContainerItemProxy section */

/* Begin PBXCopyFilesBuildPhase section */
		E1A48AAB2D02D66C00E9909B /* Embed Frameworks */ = {
			isa = PBXCopyFilesBuildPhase;
			buildActionMask = 2147483647;
			dstPath = "";
			dstSubfolderSpec = 10;
			files = (
				E1A48AAA2D02D66C00E9909B /* AlamofireDynamic in Embed Frameworks */,
			);
			name = "Embed Frameworks";
			runOnlyForDeploymentPostprocessing = 0;
		};
/* End PBXCopyFilesBuildPhase section */

/* Begin PBXFileReference section */
		E11503C32D022AA20010A0F4 /* WeatherToday.app */ = {isa = PBXFileReference; explicitFileType = wrapper.application; includeInIndex = 0; path = WeatherToday.app; sourceTree = BUILT_PRODUCTS_DIR; };
		E11503D52D022AA80010A0F4 /* WeatherTodayTests.xctest */ = {isa = PBXFileReference; explicitFileType = wrapper.cfbundle; includeInIndex = 0; path = WeatherTodayTests.xctest; sourceTree = BUILT_PRODUCTS_DIR; };
		E11503DF2D022AA80010A0F4 /* WeatherTodayUITests.xctest */ = {isa = PBXFileReference; explicitFileType = wrapper.cfbundle; includeInIndex = 0; path = WeatherTodayUITests.xctest; sourceTree = BUILT_PRODUCTS_DIR; };
/* End PBXFileReference section */

/* Begin PBXFileSystemSynchronizedBuildFileExceptionSet section */
		E1F038432D035B230045E71F /* Exceptions for "WeatherToday" folder in "WeatherToday" target */ = {
			isa = PBXFileSystemSynchronizedBuildFileExceptionSet;
			membershipExceptions = (
				Info.plist,
			);
			target = E11503C22D022AA20010A0F4 /* WeatherToday */;
		};
/* End PBXFileSystemSynchronizedBuildFileExceptionSet section */

/* Begin PBXFileSystemSynchronizedRootGroup section */
		E11503C52D022AA20010A0F4 /* WeatherToday */ = {
			isa = PBXFileSystemSynchronizedRootGroup;
			exceptions = (
				E1F038432D035B230045E71F /* Exceptions for "WeatherToday" folder in "WeatherToday" target */,
			);
			path = WeatherToday;
			sourceTree = "<group>";
		};
		E11503D82D022AA80010A0F4 /* WeatherTodayTests */ = {
			isa = PBXFileSystemSynchronizedRootGroup;
			path = WeatherTodayTests;
			sourceTree = "<group>";
		};
		E11503E22D022AA80010A0F4 /* WeatherTodayUITests */ = {
			isa = PBXFileSystemSynchronizedRootGroup;
			path = WeatherTodayUITests;
			sourceTree = "<group>";
		};
/* End PBXFileSystemSynchronizedRootGroup section */

/* Begin PBXFrameworksBuildPhase section */
		E11503C02D022AA20010A0F4 /* Frameworks */ = {
			isa = PBXFrameworksBuildPhase;
			buildActionMask = 2147483647;
			files = (
				E1ACC5B22D02D1EB00378AC9 /* SwiftyJSON in Frameworks */,
				E16D3E382D02C56A0055224C /* Toast in Frameworks */,
				E1A48AA92D02D56800E9909B /* AlamofireDynamic in Frameworks */,
				E16D3E142D0269920055224C /* SwiftSpinner in Frameworks */,
				E16D3E252D02B2600055224C /* Highcharts in Frameworks */,
			);
			runOnlyForDeploymentPostprocessing = 0;
		};
		E11503D22D022AA80010A0F4 /* Frameworks */ = {
			isa = PBXFrameworksBuildPhase;
			buildActionMask = 2147483647;
			files = (
			);
			runOnlyForDeploymentPostprocessing = 0;
		};
		E11503DC2D022AA80010A0F4 /* Frameworks */ = {
			isa = PBXFrameworksBuildPhase;
			buildActionMask = 2147483647;
			files = (
			);
			runOnlyForDeploymentPostprocessing = 0;
		};
/* End PBXFrameworksBuildPhase section */

/* Begin PBXGroup section */
		E11503BA2D022AA20010A0F4 = {
			isa = PBXGroup;
			children = (
				E11503D82D022AA80010A0F4 /* WeatherTodayTests */,
				E11503E22D022AA80010A0F4 /* WeatherTodayUITests */,
				E11503C42D022AA20010A0F4 /* Products */,
				E11503C52D022AA20010A0F4 /* WeatherToday */,
			);
			sourceTree = "<group>";
		};
		E11503C42D022AA20010A0F4 /* Products */ = {
			isa = PBXGroup;
			children = (
				E11503C32D022AA20010A0F4 /* WeatherToday.app */,
				E11503D52D022AA80010A0F4 /* WeatherTodayTests.xctest */,
				E11503DF2D022AA80010A0F4 /* WeatherTodayUITests.xctest */,
			);
			name = Products;
			sourceTree = "<group>";
		};
/* End PBXGroup section */

/* Begin PBXNativeTarget section */
		E11503C22D022AA20010A0F4 /* WeatherToday */ = {
			isa = PBXNativeTarget;
			buildConfigurationList = E11503E92D022AA80010A0F4 /* Build configuration list for PBXNativeTarget "WeatherToday" */;
			buildPhases = (
				E11503BF2D022AA20010A0F4 /* Sources */,
				E11503C02D022AA20010A0F4 /* Frameworks */,
				E11503C12D022AA20010A0F4 /* Resources */,
				E1A48AAB2D02D66C00E9909B /* Embed Frameworks */,
			);
			buildRules = (
			);
			dependencies = (
			);
			fileSystemSynchronizedGroups = (
				E11503C52D022AA20010A0F4 /* WeatherToday */,
			);
			name = WeatherToday;
			packageProductDependencies = (
				E16D3E132D0269920055224C /* SwiftSpinner */,
				E16D3E242D02B2600055224C /* Highcharts */,
				E16D3E372D02C56A0055224C /* Toast */,
				E1ACC5B12D02D1EB00378AC9 /* SwiftyJSON */,
				E1A48AA82D02D56800E9909B /* AlamofireDynamic */,
			);
			productName = WeatherToday;
			productReference = E11503C32D022AA20010A0F4 /* WeatherToday.app */;
			productType = "com.apple.product-type.application";
		};
		E11503D42D022AA80010A0F4 /* WeatherTodayTests */ = {
			isa = PBXNativeTarget;
			buildConfigurationList = E11503EC2D022AA80010A0F4 /* Build configuration list for PBXNativeTarget "WeatherTodayTests" */;
			buildPhases = (
				E11503D12D022AA80010A0F4 /* Sources */,
				E11503D22D022AA80010A0F4 /* Frameworks */,
				E11503D32D022AA80010A0F4 /* Resources */,
			);
			buildRules = (
			);
			dependencies = (
				E11503D72D022AA80010A0F4 /* PBXTargetDependency */,
			);
			fileSystemSynchronizedGroups = (
				E11503D82D022AA80010A0F4 /* WeatherTodayTests */,
			);
			name = WeatherTodayTests;
			packageProductDependencies = (
			);
			productName = WeatherTodayTests;
			productReference = E11503D52D022AA80010A0F4 /* WeatherTodayTests.xctest */;
			productType = "com.apple.product-type.bundle.unit-test";
		};
		E11503DE2D022AA80010A0F4 /* WeatherTodayUITests */ = {
			isa = PBXNativeTarget;
			buildConfigurationList = E11503EF2D022AA80010A0F4 /* Build configuration list for PBXNativeTarget "WeatherTodayUITests" */;
			buildPhases = (
				E11503DB2D022AA80010A0F4 /* Sources */,
				E11503DC2D022AA80010A0F4 /* Frameworks */,
				E11503DD2D022AA80010A0F4 /* Resources */,
			);
			buildRules = (
			);
			dependencies = (
				E11503E12D022AA80010A0F4 /* PBXTargetDependency */,
			);
			fileSystemSynchronizedGroups = (
				E11503E22D022AA80010A0F4 /* WeatherTodayUITests */,
			);
			name = WeatherTodayUITests;
			packageProductDependencies = (
			);
			productName = WeatherTodayUITests;
			productReference = E11503DF2D022AA80010A0F4 /* WeatherTodayUITests.xctest */;
			productType = "com.apple.product-type.bundle.ui-testing";
		};
/* End PBXNativeTarget section */

/* Begin PBXProject section */
		E11503BB2D022AA20010A0F4 /* Project object */ = {
			isa = PBXProject;
			attributes = {
				BuildIndependentTargetsInParallel = 1;
				LastSwiftUpdateCheck = 1600;
				LastUpgradeCheck = 1600;
				TargetAttributes = {
					E11503C22D022AA20010A0F4 = {
						CreatedOnToolsVersion = 16.0;
					};
					E11503D42D022AA80010A0F4 = {
						CreatedOnToolsVersion = 16.0;
						TestTargetID = E11503C22D022AA20010A0F4;
					};
					E11503DE2D022AA80010A0F4 = {
						CreatedOnToolsVersion = 16.0;
						TestTargetID = E11503C22D022AA20010A0F4;
					};
				};
			};
			buildConfigurationList = E11503BE2D022AA20010A0F4 /* Build configuration list for PBXProject "WeatherToday" */;
			developmentRegion = en;
			hasScannedForEncodings = 0;
			knownRegions = (
				en,
				Base,
			);
			mainGroup = E11503BA2D022AA20010A0F4;
			minimizedProjectReferenceProxies = 1;
			packageReferences = (
				E16D3E122D0269920055224C /* XCRemoteSwiftPackageReference "SwiftSpinner" */,
				E16D3E232D02B2600055224C /* XCRemoteSwiftPackageReference "highcharts-ios" */,
				E16D3E362D02C56A0055224C /* XCRemoteSwiftPackageReference "Toast-Swift" */,
				E1ACC5B02D02D1EB00378AC9 /* XCRemoteSwiftPackageReference "SwiftyJSON" */,
				E1A48AA72D02D56800E9909B /* XCRemoteSwiftPackageReference "Alamofire" */,
			);
			preferredProjectObjectVersion = 77;
			productRefGroup = E11503C42D022AA20010A0F4 /* Products */;
			projectDirPath = "";
			projectRoot = "";
			targets = (
				E11503C22D022AA20010A0F4 /* WeatherToday */,
				E11503D42D022AA80010A0F4 /* WeatherTodayTests */,
				E11503DE2D022AA80010A0F4 /* WeatherTodayUITests */,
			);
		};
/* End PBXProject section */

/* Begin PBXResourcesBuildPhase section */
		E11503C12D022AA20010A0F4 /* Resources */ = {
			isa = PBXResourcesBuildPhase;
			buildActionMask = 2147483647;
			files = (
			);
			runOnlyForDeploymentPostprocessing = 0;
		};
		E11503D32D022AA80010A0F4 /* Resources */ = {
			isa = PBXResourcesBuildPhase;
			buildActionMask = 2147483647;
			files = (
			);
			runOnlyForDeploymentPostprocessing = 0;
		};
		E11503DD2D022AA80010A0F4 /* Resources */ = {
			isa = PBXResourcesBuildPhase;
			buildActionMask = 2147483647;
			files = (
			);
			runOnlyForDeploymentPostprocessing = 0;
		};
/* End PBXResourcesBuildPhase section */

/* Begin PBXSourcesBuildPhase section */
		E11503BF2D022AA20010A0F4 /* Sources */ = {
			isa = PBXSourcesBuildPhase;
			buildActionMask = 2147483647;
			files = (
			);
			runOnlyForDeploymentPostprocessing = 0;
		};
		E11503D12D022AA80010A0F4 /* Sources */ = {
			isa = PBXSourcesBuildPhase;
			buildActionMask = 2147483647;
			files = (
			);
			runOnlyForDeploymentPostprocessing = 0;
		};
		E11503DB2D022AA80010A0F4 /* Sources */ = {
			isa = PBXSourcesBuildPhase;
			buildActionMask = 2147483647;
			files = (
			);
			runOnlyForDeploymentPostprocessing = 0;
		};
/* End PBXSourcesBuildPhase section */

/* Begin PBXTargetDependency section */
		E11503D72D022AA80010A0F4 /* PBXTargetDependency */ = {
			isa = PBXTargetDependency;
			target = E11503C22D022AA20010A0F4 /* WeatherToday */;
			targetProxy = E11503D62D022AA80010A0F4 /* PBXContainerItemProxy */;
		};
		E11503E12D022AA80010A0F4 /* PBXTargetDependency */ = {
			isa = PBXTargetDependency;
			target = E11503C22D022AA20010A0F4 /* WeatherToday */;
			targetProxy = E11503E02D022AA80010A0F4 /* PBXContainerItemProxy */;
		};
/* End PBXTargetDependency section */

/* Begin XCBuildConfiguration section */
		E11503E72D022AA80010A0F4 /* Debug */ = {
			isa = XCBuildConfiguration;
			buildSettings = {
				ALWAYS_SEARCH_USER_PATHS = NO;
				ASSETCATALOG_COMPILER_GENERATE_SWIFT_ASSET_SYMBOL_EXTENSIONS = YES;
				CLANG_ANALYZER_NONNULL = YES;
				CLANG_ANALYZER_NUMBER_OBJECT_CONVERSION = YES_AGGRESSIVE;
				CLANG_CXX_LANGUAGE_STANDARD = "gnu++20";
				CLANG_ENABLE_MODULES = YES;
				CLANG_ENABLE_OBJC_ARC = YES;
				CLANG_ENABLE_OBJC_WEAK = YES;
				CLANG_WARN_BLOCK_CAPTURE_AUTORELEASING = YES;
				CLANG_WARN_BOOL_CONVERSION = YES;
				CLANG_WARN_COMMA = YES;
				CLANG_WARN_CONSTANT_CONVERSION = YES;
				CLANG_WARN_DEPRECATED_OBJC_IMPLEMENTATIONS = YES;
				CLANG_WARN_DIRECT_OBJC_ISA_USAGE = YES_ERROR;
				CLANG_WARN_DOCUMENTATION_COMMENTS = YES;
				CLANG_WARN_EMPTY_BODY = YES;
				CLANG_WARN_ENUM_CONVERSION = YES;
				CLANG_WARN_INFINITE_RECURSION = YES;
				CLANG_WARN_INT_CONVERSION = YES;
				CLANG_WARN_NON_LITERAL_NULL_CONVERSION = YES;
				CLANG_WARN_OBJC_IMPLICIT_RETAIN_SELF = YES;
				CLANG_WARN_OBJC_LITERAL_CONVERSION = YES;
				CLANG_WARN_OBJC_ROOT_CLASS = YES_ERROR;
				CLANG_WARN_QUOTED_INCLUDE_IN_FRAMEWORK_HEADER = YES;
				CLANG_WARN_RANGE_LOOP_ANALYSIS = YES;
				CLANG_WARN_STRICT_PROTOTYPES = YES;
				CLANG_WARN_SUSPICIOUS_MOVE = YES;
				CLANG_WARN_UNGUARDED_AVAILABILITY = YES_AGGRESSIVE;
				CLANG_WARN_UNREACHABLE_CODE = YES;
				CLANG_WARN__DUPLICATE_METHOD_MATCH = YES;
				COPY_PHASE_STRIP = NO;
				DEBUG_INFORMATION_FORMAT = dwarf;
				ENABLE_STRICT_OBJC_MSGSEND = YES;
				ENABLE_TESTABILITY = YES;
				ENABLE_USER_SCRIPT_SANDBOXING = YES;
				EXCLUDED_ARCHS = "";
				GCC_C_LANGUAGE_STANDARD = gnu17;
				GCC_DYNAMIC_NO_PIC = NO;
				GCC_NO_COMMON_BLOCKS = YES;
				GCC_OPTIMIZATION_LEVEL = 0;
				GCC_PREPROCESSOR_DEFINITIONS = (
					"DEBUG=1",
					"$(inherited)",
				);
				GCC_WARN_64_TO_32_BIT_CONVERSION = YES;
				GCC_WARN_ABOUT_RETURN_TYPE = YES_ERROR;
				GCC_WARN_UNDECLARED_SELECTOR = YES;
				GCC_WARN_UNINITIALIZED_AUTOS = YES_AGGRESSIVE;
				GCC_WARN_UNUSED_FUNCTION = YES;
				GCC_WARN_UNUSED_VARIABLE = YES;
				IPHONEOS_DEPLOYMENT_TARGET = 18.0;
				LOCALIZATION_PREFERS_STRING_CATALOGS = YES;
				MTL_ENABLE_DEBUG_INFO = INCLUDE_SOURCE;
				MTL_FAST_MATH = YES;
				ONLY_ACTIVE_ARCH = YES;
				SDKROOT = iphoneos;
				SWIFT_ACTIVE_COMPILATION_CONDITIONS = "DEBUG $(inherited)";
				SWIFT_OPTIMIZATION_LEVEL = "-Onone";
			};
			name = Debug;
		};
		E11503E82D022AA80010A0F4 /* Release */ = {
			isa = XCBuildConfiguration;
			buildSettings = {
				ALWAYS_SEARCH_USER_PATHS = NO;
				ASSETCATALOG_COMPILER_GENERATE_SWIFT_ASSET_SYMBOL_EXTENSIONS = YES;
				CLANG_ANALYZER_NONNULL = YES;
				CLANG_ANALYZER_NUMBER_OBJECT_CONVERSION = YES_AGGRESSIVE;
				CLANG_CXX_LANGUAGE_STANDARD = "gnu++20";
				CLANG_ENABLE_MODULES = YES;
				CLANG_ENABLE_OBJC_ARC = YES;
				CLANG_ENABLE_OBJC_WEAK = YES;
				CLANG_WARN_BLOCK_CAPTURE_AUTORELEASING = YES;
				CLANG_WARN_BOOL_CONVERSION = YES;
				CLANG_WARN_COMMA = YES;
				CLANG_WARN_CONSTANT_CONVERSION = YES;
				CLANG_WARN_DEPRECATED_OBJC_IMPLEMENTATIONS = YES;
				CLANG_WARN_DIRECT_OBJC_ISA_USAGE = YES_ERROR;
				CLANG_WARN_DOCUMENTATION_COMMENTS = YES;
				CLANG_WARN_EMPTY_BODY = YES;
				CLANG_WARN_ENUM_CONVERSION = YES;
				CLANG_WARN_INFINITE_RECURSION = YES;
				CLANG_WARN_INT_CONVERSION = YES;
				CLANG_WARN_NON_LITERAL_NULL_CONVERSION = YES;
				CLANG_WARN_OBJC_IMPLICIT_RETAIN_SELF = YES;
				CLANG_WARN_OBJC_LITERAL_CONVERSION = YES;
				CLANG_WARN_OBJC_ROOT_CLASS = YES_ERROR;
				CLANG_WARN_QUOTED_INCLUDE_IN_FRAMEWORK_HEADER = YES;
				CLANG_WARN_RANGE_LOOP_ANALYSIS = YES;
				CLANG_WARN_STRICT_PROTOTYPES = YES;
				CLANG_WARN_SUSPICIOUS_MOVE = YES;
				CLANG_WARN_UNGUARDED_AVAILABILITY = YES_AGGRESSIVE;
				CLANG_WARN_UNREACHABLE_CODE = YES;
				CLANG_WARN__DUPLICATE_METHOD_MATCH = YES;
				COPY_PHASE_STRIP = NO;
				DEBUG_INFORMATION_FORMAT = "dwarf-with-dsym";
				ENABLE_NS_ASSERTIONS = NO;
				ENABLE_STRICT_OBJC_MSGSEND = YES;
				ENABLE_USER_SCRIPT_SANDBOXING = YES;
				EXCLUDED_ARCHS = "";
				GCC_C_LANGUAGE_STANDARD = gnu17;
				GCC_NO_COMMON_BLOCKS = YES;
				GCC_WARN_64_TO_32_BIT_CONVERSION = YES;
				GCC_WARN_ABOUT_RETURN_TYPE = YES_ERROR;
				GCC_WARN_UNDECLARED_SELECTOR = YES;
				GCC_WARN_UNINITIALIZED_AUTOS = YES_AGGRESSIVE;
				GCC_WARN_UNUSED_FUNCTION = YES;
				GCC_WARN_UNUSED_VARIABLE = YES;
				IPHONEOS_DEPLOYMENT_TARGET = 18.0;
				LOCALIZATION_PREFERS_STRING_CATALOGS = YES;
				MTL_ENABLE_DEBUG_INFO = NO;
				MTL_FAST_MATH = YES;
				SDKROOT = iphoneos;
				SWIFT_COMPILATION_MODE = wholemodule;
				VALIDATE_PRODUCT = YES;
			};
			name = Release;
		};
		E11503EA2D022AA80010A0F4 /* Debug */ = {
			isa = XCBuildConfiguration;
			buildSettings = {
				ASSETCATALOG_COMPILER_APPICON_NAME = AppIcon;
				ASSETCATALOG_COMPILER_GLOBAL_ACCENT_COLOR_NAME = AccentColor;
				ASSETCATALOG_COMPILER_INCLUDE_ALL_APPICON_ASSETS = YES;
				CODE_SIGN_STYLE = Automatic;
				CURRENT_PROJECT_VERSION = 1;
				DEVELOPMENT_ASSET_PATHS = "\"WeatherToday/Preview Content\"";
				DEVELOPMENT_TEAM = 25J3F86RH6;
				ENABLE_PREVIEWS = YES;
				GENERATE_INFOPLIST_FILE = YES;
				INFOPLIST_FILE = WeatherToday/Info.plist;
				INFOPLIST_KEY_UIApplicationSceneManifest_Generation = YES;
				INFOPLIST_KEY_UIApplicationSupportsIndirectInputEvents = YES;
				"INFOPLIST_KEY_UILaunchStoryboardName[sdk=*]" = LaunchScreen.storyboard;
				INFOPLIST_KEY_UIRequiresFullScreen = YES;
				INFOPLIST_KEY_UISupportedInterfaceOrientations = UIInterfaceOrientationPortrait;
				INFOPLIST_KEY_UISupportedInterfaceOrientations_iPad = "UIInterfaceOrientationLandscapeLeft UIInterfaceOrientationLandscapeRight UIInterfaceOrientationPortrait UIInterfaceOrientationPortraitUpsideDown";
				IPHONEOS_DEPLOYMENT_TARGET = 17.6;
				LD_RUNPATH_SEARCH_PATHS = (
					"$(inherited)",
					"@executable_path/Frameworks",
				);
				MARKETING_VERSION = 1.0;
				PRODUCT_BUNDLE_IDENTIFIER = com.KW.WeatherToday;
				PRODUCT_NAME = "$(TARGET_NAME)";
				SWIFT_EMIT_LOC_STRINGS = YES;
				SWIFT_VERSION = 5.0;
				TARGETED_DEVICE_FAMILY = "1,2";
			};
			name = Debug;
		};
		E11503EB2D022AA80010A0F4 /* Release */ = {
			isa = XCBuildConfiguration;
			buildSettings = {
				ASSETCATALOG_COMPILER_APPICON_NAME = AppIcon;
				ASSETCATALOG_COMPILER_GLOBAL_ACCENT_COLOR_NAME = AccentColor;
				ASSETCATALOG_COMPILER_INCLUDE_ALL_APPICON_ASSETS = YES;
				CODE_SIGN_STYLE = Automatic;
				CURRENT_PROJECT_VERSION = 1;
				DEVELOPMENT_ASSET_PATHS = "\"WeatherToday/Preview Content\"";
				DEVELOPMENT_TEAM = 25J3F86RH6;
				ENABLE_PREVIEWS = YES;
				GENERATE_INFOPLIST_FILE = YES;
				INFOPLIST_FILE = WeatherToday/Info.plist;
				INFOPLIST_KEY_UIApplicationSceneManifest_Generation = YES;
				INFOPLIST_KEY_UIApplicationSupportsIndirectInputEvents = YES;
				"INFOPLIST_KEY_UILaunchStoryboardName[sdk=*]" = LaunchScreen.storyboard;
				INFOPLIST_KEY_UIRequiresFullScreen = YES;
				INFOPLIST_KEY_UISupportedInterfaceOrientations = UIInterfaceOrientationPortrait;
				INFOPLIST_KEY_UISupportedInterfaceOrientations_iPad = "UIInterfaceOrientationLandscapeLeft UIInterfaceOrientationLandscapeRight UIInterfaceOrientationPortrait UIInterfaceOrientationPortraitUpsideDown";
				IPHONEOS_DEPLOYMENT_TARGET = 17.6;
				LD_RUNPATH_SEARCH_PATHS = (
					"$(inherited)",
					"@executable_path/Frameworks",
				);
				MARKETING_VERSION = 1.0;
				PRODUCT_BUNDLE_IDENTIFIER = com.KW.WeatherToday;
				PRODUCT_NAME = "$(TARGET_NAME)";
				SWIFT_EMIT_LOC_STRINGS = YES;
				SWIFT_VERSION = 5.0;
				TARGETED_DEVICE_FAMILY = "1,2";
			};
			name = Release;
		};
		E11503ED2D022AA80010A0F4 /* Debug */ = {
			isa = XCBuildConfiguration;
			buildSettings = {
				BUNDLE_LOADER = "$(TEST_HOST)";
				CODE_SIGN_STYLE = Automatic;
				CURRENT_PROJECT_VERSION = 1;
				DEVELOPMENT_TEAM = 25J3F86RH6;
				GENERATE_INFOPLIST_FILE = YES;
				IPHONEOS_DEPLOYMENT_TARGET = 18.0;
				MARKETING_VERSION = 1.0;
				PRODUCT_BUNDLE_IDENTIFIER = com.KW.WeatherTodayTests;
				PRODUCT_NAME = "$(TARGET_NAME)";
				SWIFT_EMIT_LOC_STRINGS = NO;
				SWIFT_VERSION = 5.0;
				TARGETED_DEVICE_FAMILY = "1,2";
				TEST_HOST = "$(BUILT_PRODUCTS_DIR)/WeatherToday.app/$(BUNDLE_EXECUTABLE_FOLDER_PATH)/WeatherToday";
			};
			name = Debug;
		};
		E11503EE2D022AA80010A0F4 /* Release */ = {
			isa = XCBuildConfiguration;
			buildSettings = {
				BUNDLE_LOADER = "$(TEST_HOST)";
				CODE_SIGN_STYLE = Automatic;
				CURRENT_PROJECT_VERSION = 1;
				DEVELOPMENT_TEAM = 25J3F86RH6;
				GENERATE_INFOPLIST_FILE = YES;
				IPHONEOS_DEPLOYMENT_TARGET = 18.0;
				MARKETING_VERSION = 1.0;
				PRODUCT_BUNDLE_IDENTIFIER = com.KW.WeatherTodayTests;
				PRODUCT_NAME = "$(TARGET_NAME)";
				SWIFT_EMIT_LOC_STRINGS = NO;
				SWIFT_VERSION = 5.0;
				TARGETED_DEVICE_FAMILY = "1,2";
				TEST_HOST = "$(BUILT_PRODUCTS_DIR)/WeatherToday.app/$(BUNDLE_EXECUTABLE_FOLDER_PATH)/WeatherToday";
			};
			name = Release;
		};
		E11503F02D022AA80010A0F4 /* Debug */ = {
			isa = XCBuildConfiguration;
			buildSettings = {
				CODE_SIGN_STYLE = Automatic;
				CURRENT_PROJECT_VERSION = 1;
				DEVELOPMENT_TEAM = 25J3F86RH6;
				GENERATE_INFOPLIST_FILE = YES;
				MARKETING_VERSION = 1.0;
				PRODUCT_BUNDLE_IDENTIFIER = com.KW.WeatherTodayUITests;
				PRODUCT_NAME = "$(TARGET_NAME)";
				SWIFT_EMIT_LOC_STRINGS = NO;
				SWIFT_VERSION = 5.0;
				TARGETED_DEVICE_FAMILY = "1,2";
				TEST_TARGET_NAME = WeatherToday;
			};
			name = Debug;
		};
		E11503F12D022AA80010A0F4 /* Release */ = {
			isa = XCBuildConfiguration;
			buildSettings = {
				CODE_SIGN_STYLE = Automatic;
				CURRENT_PROJECT_VERSION = 1;
				DEVELOPMENT_TEAM = 25J3F86RH6;
				GENERATE_INFOPLIST_FILE = YES;
				MARKETING_VERSION = 1.0;
				PRODUCT_BUNDLE_IDENTIFIER = com.KW.WeatherTodayUITests;
				PRODUCT_NAME = "$(TARGET_NAME)";
				SWIFT_EMIT_LOC_STRINGS = NO;
				SWIFT_VERSION = 5.0;
				TARGETED_DEVICE_FAMILY = "1,2";
				TEST_TARGET_NAME = WeatherToday;
			};
			name = Release;
		};
/* End XCBuildConfiguration section */

/* Begin XCConfigurationList section */
		E11503BE2D022AA20010A0F4 /* Build configuration list for PBXProject "WeatherToday" */ = {
			isa = XCConfigurationList;
			buildConfigurations = (
				E11503E72D022AA80010A0F4 /* Debug */,
				E11503E82D022AA80010A0F4 /* Release */,
			);
			defaultConfigurationIsVisible = 0;
			defaultConfigurationName = Release;
		};
		E11503E92D022AA80010A0F4 /* Build configuration list for PBXNativeTarget "WeatherToday" */ = {
			isa = XCConfigurationList;
			buildConfigurations = (
				E11503EA2D022AA80010A0F4 /* Debug */,
				E11503EB2D022AA80010A0F4 /* Release */,
			);
			defaultConfigurationIsVisible = 0;
			defaultConfigurationName = Release;
		};
		E11503EC2D022AA80010A0F4 /* Build configuration list for PBXNativeTarget "WeatherTodayTests" */ = {
			isa = XCConfigurationList;
			buildConfigurations = (
				E11503ED2D022AA80010A0F4 /* Debug */,
				E11503EE2D022AA80010A0F4 /* Release */,
			);
			defaultConfigurationIsVisible = 0;
			defaultConfigurationName = Release;
		};
		E11503EF2D022AA80010A0F4 /* Build configuration list for PBXNativeTarget "WeatherTodayUITests" */ = {
			isa = XCConfigurationList;
			buildConfigurations = (
				E11503F02D022AA80010A0F4 /* Debug */,
				E11503F12D022AA80010A0F4 /* Release */,
			);
			defaultConfigurationIsVisible = 0;
			defaultConfigurationName = Release;
		};
/* End XCConfigurationList section */

/* Begin XCRemoteSwiftPackageReference section */
		E16D3E122D0269920055224C /* XCRemoteSwiftPackageReference "SwiftSpinner" */ = {
			isa = XCRemoteSwiftPackageReference;
			repositoryURL = "https://github.com/icanzilb/SwiftSpinner";
			requirement = {
				kind = upToNextMajorVersion;
				minimumVersion = 2.2.0;
			};
		};
		E16D3E232D02B2600055224C /* XCRemoteSwiftPackageReference "highcharts-ios" */ = {
			isa = XCRemoteSwiftPackageReference;
			repositoryURL = "https://github.com/highcharts/highcharts-ios";
			requirement = {
				kind = exactVersion;
				version = 9.2.2;
			};
		};
		E16D3E362D02C56A0055224C /* XCRemoteSwiftPackageReference "Toast-Swift" */ = {
			isa = XCRemoteSwiftPackageReference;
			repositoryURL = "https://github.com/scalessec/Toast-Swift";
			requirement = {
				kind = upToNextMajorVersion;
				minimumVersion = 5.1.1;
			};
		};
		E1A48AA72D02D56800E9909B /* XCRemoteSwiftPackageReference "Alamofire" */ = {
			isa = XCRemoteSwiftPackageReference;
			repositoryURL = "https://github.com/Alamofire/Alamofire.git";
			requirement = {
				kind = exactVersion;
				version = 5.10.0;
			};
		};
		E1ACC5B02D02D1EB00378AC9 /* XCRemoteSwiftPackageReference "SwiftyJSON" */ = {
			isa = XCRemoteSwiftPackageReference;
			repositoryURL = "https://github.com/SwiftyJSON/SwiftyJSON";
			requirement = {
				kind = upToNextMajorVersion;
				minimumVersion = 5.0.2;
			};
		};
/* End XCRemoteSwiftPackageReference section */

/* Begin XCSwiftPackageProductDependency section */
		E16D3E132D0269920055224C /* SwiftSpinner */ = {
			isa = XCSwiftPackageProductDependency;
			package = E16D3E122D0269920055224C /* XCRemoteSwiftPackageReference "SwiftSpinner" */;
			productName = SwiftSpinner;
		};
		E16D3E242D02B2600055224C /* Highcharts */ = {
			isa = XCSwiftPackageProductDependency;
			package = E16D3E232D02B2600055224C /* XCRemoteSwiftPackageReference "highcharts-ios" */;
			productName = Highcharts;
		};
		E16D3E372D02C56A0055224C /* Toast */ = {
			isa = XCSwiftPackageProductDependency;
			package = E16D3E362D02C56A0055224C /* XCRemoteSwiftPackageReference "Toast-Swift" */;
			productName = Toast;
		};
		E1A48AA82D02D56800E9909B /* AlamofireDynamic */ = {
			isa = XCSwiftPackageProductDependency;
			package = E1A48AA72D02D56800E9909B /* XCRemoteSwiftPackageReference "Alamofire" */;
			productName = AlamofireDynamic;
		};
		E1ACC5B12D02D1EB00378AC9 /* SwiftyJSON */ = {
			isa = XCSwiftPackageProductDependency;
			package = E1ACC5B02D02D1EB00378AC9 /* XCRemoteSwiftPackageReference "SwiftyJSON" */;
			productName = SwiftyJSON;
		};
/* End XCSwiftPackageProductDependency section */
	};
	rootObject = E11503BB2D022AA20010A0F4 /* Project object */;
}
